
Microsoft Visual Studio Solution File, Format Version 12.00
# Visual Studio Version 17
VisualStudioVersion = 17.1.32210.238
MinimumVisualStudioVersion = 10.0.40219.1
Project("{FAE04EC0-301F-11D3-BF4B-00C04F79EFBC}") = "HospitalManagement", "HospitalManagement\HospitalManagement.csproj", "{A18123EC-D881-4B0B-B19F-C16CCD5E32BF}"
EndProject
Global
	GlobalSection(SolutionConfigurationPlatforms) = preSolution
		Debug|Any CPU = Debug|Any CPU
		Release|Any CPU = Release|Any CPU
	EndGlobalSection
	GlobalSection(ProjectConfigurationPlatforms) = postSolution
		{A18123EC-D881-4B0B-B19F-C16CCD5E32BF}.Debug|Any CPU.ActiveCfg = Debug|Any CPU
		{A18123EC-D881-4B0B-B19F-C16CCD5E32BF}.Debug|Any CPU.Build.0 = Debug|Any CPU
		{A18123EC-D881-4B0B-B19F-C16CCD5E32BF}.Release|Any CPU.ActiveCfg = Release|Any CPU
		{A18123EC-D881-4B0B-B19F-C16CCD5E32BF}.Release|Any CPU.Build.0 = Release|Any CPU
	EndGlobalSection
	GlobalSection(SolutionProperties) = preSolution
		HideSolutionNode = FALSE
	EndGlobalSection
	GlobalSection(ExtensibilityGlobals) = postSolution
		SolutionGuid = {FF8462A8-FB7E-4FA4-8D0E-241221674AF2}
	EndGlobalSection
EndGlobal
